{
  "name": "forget-connect",
  "version": "0.1.0",
  "lockfileVersion": 3,
  "requires": true,
  "packages": {
    "": {
      "name": "forget-connect",
      "version": "0.1.0",
      "license": "Apache-2.0",
      "bin": {
        "forget-connect": "bin/forget-connect.js"
      },
      "engines": {
        "node": ">=18"
      }
    }
  }
}
